
Microsoft Visual Studio Solution File, Format Version 12.00
# Visual Studio 2012
Project("{FAE04EC0-301F-11D3-BF4B-00C04F79EFBC}") = "avanced", "avanced\avanced.csproj", "{4929F86E-4542-4ED4-AFF4-C87992A8536B}"
EndProject
Global
	GlobalSection(SolutionConfigurationPlatforms) = preSolution
		Debug|Any CPU = Debug|Any CPU
		Release|Any CPU = Release|Any CPU
	EndGlobalSection
	GlobalSection(ProjectConfigurationPlatforms) = postSolution
		{4929F86E-4542-4ED4-AFF4-C87992A8536B}.Debug|Any CPU.ActiveCfg = Debug|Any CPU
		{4929F86E-4542-4ED4-AFF4-C87992A8536B}.Debug|Any CPU.Build.0 = Debug|Any CPU
		{4929F86E-4542-4ED4-AFF4-C87992A8536B}.Release|Any CPU.ActiveCfg = Release|Any CPU
		{4929F86E-4542-4ED4-AFF4-C87992A8536B}.Release|Any CPU.Build.0 = Release|Any CPU
	EndGlobalSection
	GlobalSection(SolutionProperties) = preSolution
		HideSolutionNode = FALSE
	EndGlobalSection
EndGlobal
